
Microsoft Visual Studio Solution File, Format Version 12.00
# Visual Studio Version 16
VisualStudioVersion = 16.0.28803.202
MinimumVisualStudioVersion = 10.0.40219.1
Project("{9A19103F-16F7-4668-BE54-9A1E7A4F7556}") = "StructLinq", "src\StructLinq\StructLinq.csproj", "{458ED1F2-37EC-4569-9958-728CEFA43D8C}"
EndProject
Project("{2150E333-8FDC-42A3-9474-1A3956D46DE8}") = "_Build", "_Build", "{2987C571-432E-4640-8D24-A3F8C9341276}"
EndProject
Project("{9A19103F-16F7-4668-BE54-9A1E7A4F7556}") = "StructLinq.Tests", "src\StructLinq.Tests\StructLinq.Tests.csproj", "{355C025E-3001-40F0-A456-05C13AF94466}"
EndProject
Project("{9A19103F-16F7-4668-BE54-9A1E7A4F7556}") = "StructLinq.Benchmark", "src\StructLinq.Benchmark\StructLinq.Benchmark.csproj", "{363DB35F-7108-4DE4-AE6C-62950E53D84E}"
EndProject
Project("{2150E333-8FDC-42A3-9474-1A3956D46DE8}") = "Props", "Props", "{9272A85F-FC64-4560-A88E-5362A37DA58E}"
	ProjectSection(SolutionItems) = preProject
		Build\Common.Benchmark.props = Build\Common.Benchmark.props
		Build\Common.props = Build\Common.props
		Build\Common.Tests.props = Build\Common.Tests.props
		src\Directory.Build.props = src\Directory.Build.props
	EndProjectSection
EndProject
Project("{2150E333-8FDC-42A3-9474-1A3956D46DE8}") = "Targets", "Targets", "{C7B0C282-3057-4C71-9E89-6FF7B5609AA0}"
	ProjectSection(SolutionItems) = preProject
		Build\DeleteGenerateBindingRedirects.target = Build\DeleteGenerateBindingRedirects.target
	EndProjectSection
EndProject
Project("{2150E333-8FDC-42A3-9474-1A3956D46DE8}") = "Nuke", "Nuke", "{8A638E83-2D0E-49BB-AE31-7207F54336E7}"
EndProject
Project("{9A19103F-16F7-4668-BE54-9A1E7A4F7556}") = "NukeBuild", "Build\Nuke\NukeBuild.csproj", "{486A956C-407B-410A-97C2-59D00DDEAE21}"
EndProject
Project("{9A19103F-16F7-4668-BE54-9A1E7A4F7556}") = "StructLinq.BCL", "src\StructLinq.BCL\StructLinq.BCL.csproj", "{ED389B67-44CE-41B4-8088-2CF1399F2C0B}"
EndProject
Project("{9A19103F-16F7-4668-BE54-9A1E7A4F7556}") = "StructLinq.BCL.x64.Tests", "src\StructLinq.BCL.Tests\StructLinq.BCL.x64.Tests.csproj", "{E0DB8CCB-6C19-4F42-AEE1-8AA14137D616}"
EndProject
Project("{9A19103F-16F7-4668-BE54-9A1E7A4F7556}") = "StructLinq.BCL.x86.Tests", "src\StructLinq.BCL.Tests\StructLinq.BCL.x86.Tests.csproj", "{806CB7C5-190E-4160-B576-F9F6CF8316EC}"
EndProject
Global
	GlobalSection(SolutionConfigurationPlatforms) = preSolution
		Debug|Any CPU = Debug|Any CPU
		Debug|x64 = Debug|x64
		Debug|x86 = Debug|x86
		Release|Any CPU = Release|Any CPU
		Release|x64 = Release|x64
		Release|x86 = Release|x86
	EndGlobalSection
	GlobalSection(ProjectConfigurationPlatforms) = postSolution
		{458ED1F2-37EC-4569-9958-728CEFA43D8C}.Debug|Any CPU.ActiveCfg = Debug|Any CPU
		{458ED1F2-37EC-4569-9958-728CEFA43D8C}.Debug|Any CPU.Build.0 = Debug|Any CPU
		{458ED1F2-37EC-4569-9958-728CEFA43D8C}.Debug|x64.ActiveCfg = Debug|x64
		{458ED1F2-37EC-4569-9958-728CEFA43D8C}.Debug|x64.Build.0 = Debug|x64
		{458ED1F2-37EC-4569-9958-728CEFA43D8C}.Debug|x86.ActiveCfg = Debug|x86
		{458ED1F2-37EC-4569-9958-728CEFA43D8C}.Debug|x86.Build.0 = Debug|x86
		{458ED1F2-37EC-4569-9958-728CEFA43D8C}.Release|Any CPU.ActiveCfg = Release|Any CPU
		{458ED1F2-37EC-4569-9958-728CEFA43D8C}.Release|Any CPU.Build.0 = Release|Any CPU
		{458ED1F2-37EC-4569-9958-728CEFA43D8C}.Release|x64.ActiveCfg = Release|x64
		{458ED1F2-37EC-4569-9958-728CEFA43D8C}.Release|x64.Build.0 = Release|x64
		{458ED1F2-37EC-4569-9958-728CEFA43D8C}.Release|x86.ActiveCfg = Release|x86
		{458ED1F2-37EC-4569-9958-728CEFA43D8C}.Release|x86.Build.0 = Release|x86
		{355C025E-3001-40F0-A456-05C13AF94466}.Debug|Any CPU.ActiveCfg = Debug|Any CPU
		{355C025E-3001-40F0-A456-05C13AF94466}.Debug|Any CPU.Build.0 = Debug|Any CPU
		{355C025E-3001-40F0-A456-05C13AF94466}.Debug|x64.ActiveCfg = Debug|x64
		{355C025E-3001-40F0-A456-05C13AF94466}.Debug|x64.Build.0 = Debug|x64
		{355C025E-3001-40F0-A456-05C13AF94466}.Debug|x86.ActiveCfg = Debug|x86
		{355C025E-3001-40F0-A456-05C13AF94466}.Debug|x86.Build.0 = Debug|x86
		{355C025E-3001-40F0-A456-05C13AF94466}.Release|Any CPU.ActiveCfg = Release|Any CPU
		{355C025E-3001-40F0-A456-05C13AF94466}.Release|Any CPU.Build.0 = Release|Any CPU
		{355C025E-3001-40F0-A456-05C13AF94466}.Release|x64.ActiveCfg = Release|x64
		{355C025E-3001-40F0-A456-05C13AF94466}.Release|x64.Build.0 = Release|x64
		{355C025E-3001-40F0-A456-05C13AF94466}.Release|x86.ActiveCfg = Release|x86
		{355C025E-3001-40F0-A456-05C13AF94466}.Release|x86.Build.0 = Release|x86
		{363DB35F-7108-4DE4-AE6C-62950E53D84E}.Debug|Any CPU.ActiveCfg = Debug|Any CPU
		{363DB35F-7108-4DE4-AE6C-62950E53D84E}.Debug|Any CPU.Build.0 = Debug|Any CPU
		{363DB35F-7108-4DE4-AE6C-62950E53D84E}.Debug|x64.ActiveCfg = Debug|x64
		{363DB35F-7108-4DE4-AE6C-62950E53D84E}.Debug|x64.Build.0 = Debug|x64
		{363DB35F-7108-4DE4-AE6C-62950E53D84E}.Debug|x86.ActiveCfg = Debug|x86
		{363DB35F-7108-4DE4-AE6C-62950E53D84E}.Debug|x86.Build.0 = Debug|x86
		{363DB35F-7108-4DE4-AE6C-62950E53D84E}.Release|Any CPU.ActiveCfg = Release|Any CPU
		{363DB35F-7108-4DE4-AE6C-62950E53D84E}.Release|Any CPU.Build.0 = Release|Any CPU
		{363DB35F-7108-4DE4-AE6C-62950E53D84E}.Release|x64.ActiveCfg = Release|x64
		{363DB35F-7108-4DE4-AE6C-62950E53D84E}.Release|x64.Build.0 = Release|x64
		{363DB35F-7108-4DE4-AE6C-62950E53D84E}.Release|x86.ActiveCfg = Release|x86
		{363DB35F-7108-4DE4-AE6C-62950E53D84E}.Release|x86.Build.0 = Release|x86
		{486A956C-407B-410A-97C2-59D00DDEAE21}.Debug|Any CPU.ActiveCfg = Debug|Any CPU
		{486A956C-407B-410A-97C2-59D00DDEAE21}.Debug|x64.ActiveCfg = Debug|x64
		{486A956C-407B-410A-97C2-59D00DDEAE21}.Debug|x86.ActiveCfg = Debug|x86
		{486A956C-407B-410A-97C2-59D00DDEAE21}.Release|Any CPU.ActiveCfg = Release|Any CPU
		{486A956C-407B-410A-97C2-59D00DDEAE21}.Release|x64.ActiveCfg = Release|x64
		{486A956C-407B-410A-97C2-59D00DDEAE21}.Release|x86.ActiveCfg = Release|x86
		{ED389B67-44CE-41B4-8088-2CF1399F2C0B}.Debug|Any CPU.ActiveCfg = Debug|Any CPU
		{ED389B67-44CE-41B4-8088-2CF1399F2C0B}.Debug|Any CPU.Build.0 = Debug|Any CPU
		{ED389B67-44CE-41B4-8088-2CF1399F2C0B}.Debug|x64.ActiveCfg = Debug|x64
		{ED389B67-44CE-41B4-8088-2CF1399F2C0B}.Debug|x64.Build.0 = Debug|x64
		{ED389B67-44CE-41B4-8088-2CF1399F2C0B}.Debug|x86.ActiveCfg = Debug|x86
		{ED389B67-44CE-41B4-8088-2CF1399F2C0B}.Debug|x86.Build.0 = Debug|x86
		{ED389B67-44CE-41B4-8088-2CF1399F2C0B}.Release|Any CPU.ActiveCfg = Release|Any CPU
		{ED389B67-44CE-41B4-8088-2CF1399F2C0B}.Release|Any CPU.Build.0 = Release|Any CPU
		{ED389B67-44CE-41B4-8088-2CF1399F2C0B}.Release|x64.ActiveCfg = Release|x64
		{ED389B67-44CE-41B4-8088-2CF1399F2C0B}.Release|x64.Build.0 = Release|x64
		{ED389B67-44CE-41B4-8088-2CF1399F2C0B}.Release|x86.ActiveCfg = Release|x86
		{ED389B67-44CE-41B4-8088-2CF1399F2C0B}.Release|x86.Build.0 = Release|x86
		{E0DB8CCB-6C19-4F42-AEE1-8AA14137D616}.Debug|Any CPU.ActiveCfg = Debug|x64
		{E0DB8CCB-6C19-4F42-AEE1-8AA14137D616}.Debug|Any CPU.Build.0 = Debug|x64
		{E0DB8CCB-6C19-4F42-AEE1-8AA14137D616}.Debug|x64.ActiveCfg = Debug|x64
		{E0DB8CCB-6C19-4F42-AEE1-8AA14137D616}.Debug|x64.Build.0 = Debug|x64
		{E0DB8CCB-6C19-4F42-AEE1-8AA14137D616}.Debug|x86.ActiveCfg = Debug|x86
		{E0DB8CCB-6C19-4F42-AEE1-8AA14137D616}.Debug|x86.Build.0 = Debug|x86
		{E0DB8CCB-6C19-4F42-AEE1-8AA14137D616}.Release|Any CPU.ActiveCfg = Release|x64
		{E0DB8CCB-6C19-4F42-AEE1-8AA14137D616}.Release|Any CPU.Build.0 = Release|x64
		{E0DB8CCB-6C19-4F42-AEE1-8AA14137D616}.Release|x64.ActiveCfg = Release|x64
		{E0DB8CCB-6C19-4F42-AEE1-8AA14137D616}.Release|x64.Build.0 = Release|x64
		{E0DB8CCB-6C19-4F42-AEE1-8AA14137D616}.Release|x86.ActiveCfg = Release|x86
		{E0DB8CCB-6C19-4F42-AEE1-8AA14137D616}.Release|x86.Build.0 = Release|x86
		{806CB7C5-190E-4160-B576-F9F6CF8316EC}.Debug|Any CPU.ActiveCfg = Debug|x86
		{806CB7C5-190E-4160-B576-F9F6CF8316EC}.Debug|Any CPU.Build.0 = Debug|x86
		{806CB7C5-190E-4160-B576-F9F6CF8316EC}.Debug|x64.ActiveCfg = Debug|x64
		{806CB7C5-190E-4160-B576-F9F6CF8316EC}.Debug|x64.Build.0 = Debug|x64
		{806CB7C5-190E-4160-B576-F9F6CF8316EC}.Debug|x86.ActiveCfg = Debug|x86
		{806CB7C5-190E-4160-B576-F9F6CF8316EC}.Debug|x86.Build.0 = Debug|x86
		{806CB7C5-190E-4160-B576-F9F6CF8316EC}.Release|Any CPU.ActiveCfg = Release|x86
		{806CB7C5-190E-4160-B576-F9F6CF8316EC}.Release|Any CPU.Build.0 = Release|x86
		{806CB7C5-190E-4160-B576-F9F6CF8316EC}.Release|x64.ActiveCfg = Release|x64
		{806CB7C5-190E-4160-B576-F9F6CF8316EC}.Release|x64.Build.0 = Release|x64
		{806CB7C5-190E-4160-B576-F9F6CF8316EC}.Release|x86.ActiveCfg = Release|x86
		{806CB7C5-190E-4160-B576-F9F6CF8316EC}.Release|x86.Build.0 = Release|x86
	EndGlobalSection
	GlobalSection(SolutionProperties) = preSolution
		HideSolutionNode = FALSE
	EndGlobalSection
	GlobalSection(NestedProjects) = preSolution
		{9272A85F-FC64-4560-A88E-5362A37DA58E} = {2987C571-432E-4640-8D24-A3F8C9341276}
		{C7B0C282-3057-4C71-9E89-6FF7B5609AA0} = {2987C571-432E-4640-8D24-A3F8C9341276}
		{8A638E83-2D0E-49BB-AE31-7207F54336E7} = {2987C571-432E-4640-8D24-A3F8C9341276}
		{486A956C-407B-410A-97C2-59D00DDEAE21} = {8A638E83-2D0E-49BB-AE31-7207F54336E7}
	EndGlobalSection
	GlobalSection(ExtensibilityGlobals) = postSolution
		SolutionGuid = {784B203D-5E08-4ABF-A436-EE9F11F80E40}
	EndGlobalSection
EndGlobal
