
Microsoft Visual Studio Solution File, Format Version 12.00
# Visual Studio Version 16
VisualStudioVersion = 16.0.28803.202
MinimumVisualStudioVersion = 10.0.40219.1
Project("{9A19103F-16F7-4668-BE54-9A1E7A4F7556}") = "StructLinq", "src\StructLinq\StructLinq.csproj", "{458ED1F2-37EC-4569-9958-728CEFA43D8C}"
EndProject
Project("{2150E333-8FDC-42A3-9474-1A3956D46DE8}") = "Build", "Build", "{2987C571-432E-4640-8D24-A3F8C9341276}"
	ProjectSection(SolutionItems) = preProject
		Build\Common.Benchmark.props = Build\Common.Benchmark.props
		Build\Common.props = Build\Common.props
		Build\Common.Tests.props = Build\Common.Tests.props
		Build\DeleteGenerateBindingRedirects.target = Build\DeleteGenerateBindingRedirects.target
		src\Directory.Build.props = src\Directory.Build.props
	EndProjectSection
EndProject
Project("{9A19103F-16F7-4668-BE54-9A1E7A4F7556}") = "StructLinq.Tests", "src\StructLinq.Tests\StructLinq.Tests.csproj", "{355C025E-3001-40F0-A456-05C13AF94466}"
EndProject
Project("{9A19103F-16F7-4668-BE54-9A1E7A4F7556}") = "StructLinq.Benchmark", "src\StructLinq.Benchmark\StructLinq.Benchmark.csproj", "{363DB35F-7108-4DE4-AE6C-62950E53D84E}"
EndProject
Project("{9A19103F-16F7-4668-BE54-9A1E7A4F7556}") = "NukeBuild", "Build\Nuke\NukeBuild.csproj", "{59BA8327-1D58-4D23-B16D-22C6323DC4F4}"
EndProject
Global
	GlobalSection(SolutionConfigurationPlatforms) = preSolution
		Debug|Any CPU = Debug|Any CPU
		Release|Any CPU = Release|Any CPU
	EndGlobalSection
	GlobalSection(ProjectConfigurationPlatforms) = postSolution
		{458ED1F2-37EC-4569-9958-728CEFA43D8C}.Debug|Any CPU.ActiveCfg = Debug|Any CPU
		{458ED1F2-37EC-4569-9958-728CEFA43D8C}.Debug|Any CPU.Build.0 = Debug|Any CPU
		{458ED1F2-37EC-4569-9958-728CEFA43D8C}.Release|Any CPU.ActiveCfg = Release|Any CPU
		{458ED1F2-37EC-4569-9958-728CEFA43D8C}.Release|Any CPU.Build.0 = Release|Any CPU
		{355C025E-3001-40F0-A456-05C13AF94466}.Debug|Any CPU.ActiveCfg = Debug|Any CPU
		{355C025E-3001-40F0-A456-05C13AF94466}.Debug|Any CPU.Build.0 = Debug|Any CPU
		{355C025E-3001-40F0-A456-05C13AF94466}.Release|Any CPU.ActiveCfg = Release|Any CPU
		{355C025E-3001-40F0-A456-05C13AF94466}.Release|Any CPU.Build.0 = Release|Any CPU
		{363DB35F-7108-4DE4-AE6C-62950E53D84E}.Debug|Any CPU.ActiveCfg = Debug|Any CPU
		{363DB35F-7108-4DE4-AE6C-62950E53D84E}.Debug|Any CPU.Build.0 = Debug|Any CPU
		{363DB35F-7108-4DE4-AE6C-62950E53D84E}.Release|Any CPU.ActiveCfg = Release|Any CPU
		{363DB35F-7108-4DE4-AE6C-62950E53D84E}.Release|Any CPU.Build.0 = Release|Any CPU
		{59BA8327-1D58-4D23-B16D-22C6323DC4F4}.Debug|Any CPU.ActiveCfg = Debug|Any CPU
		{59BA8327-1D58-4D23-B16D-22C6323DC4F4}.Release|Any CPU.ActiveCfg = Release|Any CPU
	EndGlobalSection
	GlobalSection(SolutionProperties) = preSolution
		HideSolutionNode = FALSE
	EndGlobalSection
	GlobalSection(ExtensibilityGlobals) = postSolution
		SolutionGuid = {784B203D-5E08-4ABF-A436-EE9F11F80E40}
	EndGlobalSection
EndGlobal
